
Microsoft Visual Studio Solution File, Format Version 12.00
# Visual Studio Version 16
VisualStudioVersion = 16.0.31605.320
MinimumVisualStudioVersion = 10.0.40219.1
Project("{9A19103F-16F7-4668-BE54-9A1E7A4F7556}") = "Raspberry.LED", "Raspberry.LED\Raspberry.LED.csproj", "{FBB84A5E-8517-4A38-B27F-D25A588D6139}"
EndProject
Project("{9A19103F-16F7-4668-BE54-9A1E7A4F7556}") = "Raspberry.Thermometer", "Raspberry.Thermometer\Raspberry.Thermometer.csproj", "{F4F120CB-2D29-49A4-BFAE-3DF02601EA05}"
EndProject
Project("{2150E333-8FDC-42A3-9474-1A3956D46DE8}") = "Solution Items", "Solution Items", "{CC88793F-9DD1-48E5-A978-3C074F2CCD38}"
EndProject
Project("{9A19103F-16F7-4668-BE54-9A1E7A4F7556}") = "Raspberry.ImageCapture", "Raspberry.ImageCapture\Raspberry.ImageCapture.csproj", "{A04D7985-76BE-4CCE-A167-CB212CED1B47}"
EndProject
Project("{9A19103F-16F7-4668-BE54-9A1E7A4F7556}") = "Raspberry.Hygieia", "Raspberry.Hygieia\Raspberry.Hygieia.csproj", "{BACB5913-9C9A-4FBE-8F1E-412AF16F2CB2}"
EndProject
Project("{9A19103F-16F7-4668-BE54-9A1E7A4F7556}") = "Raspberry.LaserCounter", "Raspberry.LaserCounter\Raspberry.LaserCounter.csproj", "{29AA6865-935F-4F00-AF0D-29F276A69F65}"
EndProject
Project("{9A19103F-16F7-4668-BE54-9A1E7A4F7556}") = "Raspberry.PiCam", "Raspberry.PiCam\Raspberry.PiCam.csproj", "{C04EFE5F-1136-499B-9451-2EC394C40079}"
EndProject
Project("{9A19103F-16F7-4668-BE54-9A1E7A4F7556}") = "FSWebCam", "FSWebCam\FSWebCam.csproj", "{2C939623-8813-49CC-A034-5016205B67FD}"
EndProject
Project("{2150E333-8FDC-42A3-9474-1A3956D46DE8}") = "ImageCapture", "ImageCapture", "{6A211138-E13D-4096-AFC4-3E44504927B0}"
EndProject
Project("{9A19103F-16F7-4668-BE54-9A1E7A4F7556}") = "UtilityDelta.ImageDiff", "ImageCapture\UtilityDelta.ImageDiff\UtilityDelta.ImageDiff.csproj", "{9480C826-9DA9-425D-B5F3-5C5697B20740}"
EndProject
Project("{9A19103F-16F7-4668-BE54-9A1E7A4F7556}") = "Raspberry.AudioTest", "Raspberry.AudioTest\Raspberry.AudioTest.csproj", "{8F867DEA-25B4-4EB1-ACA7-1A8F034B5573}"
EndProject
Project("{9A19103F-16F7-4668-BE54-9A1E7A4F7556}") = "Raspberry.FaceApi", "Raspberry.FaceApi\Raspberry.FaceApi.csproj", "{C5B938E0-264B-4A04-8C5A-D0002E4F7EDE}"
EndProject
Project("{9A19103F-16F7-4668-BE54-9A1E7A4F7556}") = "Raspberry.Laser", "Raspberry.Laser\Raspberry.Laser.csproj", "{0775F74E-8F03-42FA-8795-8739EA1A19FC}"
EndProject
Project("{FAE04EC0-301F-11D3-BF4B-00C04F79EFBC}") = "Raspberry.HygieiaEnd", "Raspberry.HygieiaEnd\Raspberry.HygieiaEnd.csproj", "{C767E723-D053-420D-BE89-14C9E2786274}"
EndProject
Global
	GlobalSection(SolutionConfigurationPlatforms) = preSolution
		Debug|Any CPU = Debug|Any CPU
		Debug|ARM = Debug|ARM
		Debug|ARM64 = Debug|ARM64
		Debug|x64 = Debug|x64
		Debug|x86 = Debug|x86
		Release|Any CPU = Release|Any CPU
		Release|ARM = Release|ARM
		Release|ARM64 = Release|ARM64
		Release|x64 = Release|x64
		Release|x86 = Release|x86
	EndGlobalSection
	GlobalSection(ProjectConfigurationPlatforms) = postSolution
		{FBB84A5E-8517-4A38-B27F-D25A588D6139}.Debug|Any CPU.ActiveCfg = Debug|Any CPU
		{FBB84A5E-8517-4A38-B27F-D25A588D6139}.Debug|Any CPU.Build.0 = Debug|Any CPU
		{FBB84A5E-8517-4A38-B27F-D25A588D6139}.Debug|ARM.ActiveCfg = Debug|Any CPU
		{FBB84A5E-8517-4A38-B27F-D25A588D6139}.Debug|ARM.Build.0 = Debug|Any CPU
		{FBB84A5E-8517-4A38-B27F-D25A588D6139}.Debug|ARM64.ActiveCfg = Debug|Any CPU
		{FBB84A5E-8517-4A38-B27F-D25A588D6139}.Debug|ARM64.Build.0 = Debug|Any CPU
		{FBB84A5E-8517-4A38-B27F-D25A588D6139}.Debug|x64.ActiveCfg = Debug|Any CPU
		{FBB84A5E-8517-4A38-B27F-D25A588D6139}.Debug|x64.Build.0 = Debug|Any CPU
		{FBB84A5E-8517-4A38-B27F-D25A588D6139}.Debug|x86.ActiveCfg = Debug|Any CPU
		{FBB84A5E-8517-4A38-B27F-D25A588D6139}.Debug|x86.Build.0 = Debug|Any CPU
		{FBB84A5E-8517-4A38-B27F-D25A588D6139}.Release|Any CPU.ActiveCfg = Release|Any CPU
		{FBB84A5E-8517-4A38-B27F-D25A588D6139}.Release|Any CPU.Build.0 = Release|Any CPU
		{FBB84A5E-8517-4A38-B27F-D25A588D6139}.Release|ARM.ActiveCfg = Release|Any CPU
		{FBB84A5E-8517-4A38-B27F-D25A588D6139}.Release|ARM.Build.0 = Release|Any CPU
		{FBB84A5E-8517-4A38-B27F-D25A588D6139}.Release|ARM64.ActiveCfg = Release|Any CPU
		{FBB84A5E-8517-4A38-B27F-D25A588D6139}.Release|ARM64.Build.0 = Release|Any CPU
		{FBB84A5E-8517-4A38-B27F-D25A588D6139}.Release|x64.ActiveCfg = Release|Any CPU
		{FBB84A5E-8517-4A38-B27F-D25A588D6139}.Release|x64.Build.0 = Release|Any CPU
		{FBB84A5E-8517-4A38-B27F-D25A588D6139}.Release|x86.ActiveCfg = Release|Any CPU
		{FBB84A5E-8517-4A38-B27F-D25A588D6139}.Release|x86.Build.0 = Release|Any CPU
		{F4F120CB-2D29-49A4-BFAE-3DF02601EA05}.Debug|Any CPU.ActiveCfg = Debug|Any CPU
		{F4F120CB-2D29-49A4-BFAE-3DF02601EA05}.Debug|Any CPU.Build.0 = Debug|Any CPU
		{F4F120CB-2D29-49A4-BFAE-3DF02601EA05}.Debug|ARM.ActiveCfg = Debug|Any CPU
		{F4F120CB-2D29-49A4-BFAE-3DF02601EA05}.Debug|ARM.Build.0 = Debug|Any CPU
		{F4F120CB-2D29-49A4-BFAE-3DF02601EA05}.Debug|ARM64.ActiveCfg = Debug|Any CPU
		{F4F120CB-2D29-49A4-BFAE-3DF02601EA05}.Debug|ARM64.Build.0 = Debug|Any CPU
		{F4F120CB-2D29-49A4-BFAE-3DF02601EA05}.Debug|x64.ActiveCfg = Debug|Any CPU
		{F4F120CB-2D29-49A4-BFAE-3DF02601EA05}.Debug|x64.Build.0 = Debug|Any CPU
		{F4F120CB-2D29-49A4-BFAE-3DF02601EA05}.Debug|x86.ActiveCfg = Debug|Any CPU
		{F4F120CB-2D29-49A4-BFAE-3DF02601EA05}.Debug|x86.Build.0 = Debug|Any CPU
		{F4F120CB-2D29-49A4-BFAE-3DF02601EA05}.Release|Any CPU.ActiveCfg = Release|Any CPU
		{F4F120CB-2D29-49A4-BFAE-3DF02601EA05}.Release|Any CPU.Build.0 = Release|Any CPU
		{F4F120CB-2D29-49A4-BFAE-3DF02601EA05}.Release|ARM.ActiveCfg = Release|Any CPU
		{F4F120CB-2D29-49A4-BFAE-3DF02601EA05}.Release|ARM.Build.0 = Release|Any CPU
		{F4F120CB-2D29-49A4-BFAE-3DF02601EA05}.Release|ARM64.ActiveCfg = Release|Any CPU
		{F4F120CB-2D29-49A4-BFAE-3DF02601EA05}.Release|ARM64.Build.0 = Release|Any CPU
		{F4F120CB-2D29-49A4-BFAE-3DF02601EA05}.Release|x64.ActiveCfg = Release|Any CPU
		{F4F120CB-2D29-49A4-BFAE-3DF02601EA05}.Release|x64.Build.0 = Release|Any CPU
		{F4F120CB-2D29-49A4-BFAE-3DF02601EA05}.Release|x86.ActiveCfg = Release|Any CPU
		{F4F120CB-2D29-49A4-BFAE-3DF02601EA05}.Release|x86.Build.0 = Release|Any CPU
		{A04D7985-76BE-4CCE-A167-CB212CED1B47}.Debug|Any CPU.ActiveCfg = Debug|Any CPU
		{A04D7985-76BE-4CCE-A167-CB212CED1B47}.Debug|Any CPU.Build.0 = Debug|Any CPU
		{A04D7985-76BE-4CCE-A167-CB212CED1B47}.Debug|ARM.ActiveCfg = Debug|Any CPU
		{A04D7985-76BE-4CCE-A167-CB212CED1B47}.Debug|ARM.Build.0 = Debug|Any CPU
		{A04D7985-76BE-4CCE-A167-CB212CED1B47}.Debug|ARM64.ActiveCfg = Debug|Any CPU
		{A04D7985-76BE-4CCE-A167-CB212CED1B47}.Debug|ARM64.Build.0 = Debug|Any CPU
		{A04D7985-76BE-4CCE-A167-CB212CED1B47}.Debug|x64.ActiveCfg = Debug|Any CPU
		{A04D7985-76BE-4CCE-A167-CB212CED1B47}.Debug|x64.Build.0 = Debug|Any CPU
		{A04D7985-76BE-4CCE-A167-CB212CED1B47}.Debug|x86.ActiveCfg = Debug|Any CPU
		{A04D7985-76BE-4CCE-A167-CB212CED1B47}.Debug|x86.Build.0 = Debug|Any CPU
		{A04D7985-76BE-4CCE-A167-CB212CED1B47}.Release|Any CPU.ActiveCfg = Release|Any CPU
		{A04D7985-76BE-4CCE-A167-CB212CED1B47}.Release|Any CPU.Build.0 = Release|Any CPU
		{A04D7985-76BE-4CCE-A167-CB212CED1B47}.Release|ARM.ActiveCfg = Release|Any CPU
		{A04D7985-76BE-4CCE-A167-CB212CED1B47}.Release|ARM.Build.0 = Release|Any CPU
		{A04D7985-76BE-4CCE-A167-CB212CED1B47}.Release|ARM64.ActiveCfg = Release|Any CPU
		{A04D7985-76BE-4CCE-A167-CB212CED1B47}.Release|ARM64.Build.0 = Release|Any CPU
		{A04D7985-76BE-4CCE-A167-CB212CED1B47}.Release|x64.ActiveCfg = Release|Any CPU
		{A04D7985-76BE-4CCE-A167-CB212CED1B47}.Release|x64.Build.0 = Release|Any CPU
		{A04D7985-76BE-4CCE-A167-CB212CED1B47}.Release|x86.ActiveCfg = Release|Any CPU
		{A04D7985-76BE-4CCE-A167-CB212CED1B47}.Release|x86.Build.0 = Release|Any CPU
		{BACB5913-9C9A-4FBE-8F1E-412AF16F2CB2}.Debug|Any CPU.ActiveCfg = Debug|Any CPU
		{BACB5913-9C9A-4FBE-8F1E-412AF16F2CB2}.Debug|Any CPU.Build.0 = Debug|Any CPU
		{BACB5913-9C9A-4FBE-8F1E-412AF16F2CB2}.Debug|ARM.ActiveCfg = Debug|Any CPU
		{BACB5913-9C9A-4FBE-8F1E-412AF16F2CB2}.Debug|ARM.Build.0 = Debug|Any CPU
		{BACB5913-9C9A-4FBE-8F1E-412AF16F2CB2}.Debug|ARM64.ActiveCfg = Debug|Any CPU
		{BACB5913-9C9A-4FBE-8F1E-412AF16F2CB2}.Debug|ARM64.Build.0 = Debug|Any CPU
		{BACB5913-9C9A-4FBE-8F1E-412AF16F2CB2}.Debug|x64.ActiveCfg = Debug|Any CPU
		{BACB5913-9C9A-4FBE-8F1E-412AF16F2CB2}.Debug|x64.Build.0 = Debug|Any CPU
		{BACB5913-9C9A-4FBE-8F1E-412AF16F2CB2}.Debug|x86.ActiveCfg = Debug|Any CPU
		{BACB5913-9C9A-4FBE-8F1E-412AF16F2CB2}.Debug|x86.Build.0 = Debug|Any CPU
		{BACB5913-9C9A-4FBE-8F1E-412AF16F2CB2}.Release|Any CPU.ActiveCfg = Release|Any CPU
		{BACB5913-9C9A-4FBE-8F1E-412AF16F2CB2}.Release|Any CPU.Build.0 = Release|Any CPU
		{BACB5913-9C9A-4FBE-8F1E-412AF16F2CB2}.Release|ARM.ActiveCfg = Release|Any CPU
		{BACB5913-9C9A-4FBE-8F1E-412AF16F2CB2}.Release|ARM.Build.0 = Release|Any CPU
		{BACB5913-9C9A-4FBE-8F1E-412AF16F2CB2}.Release|ARM64.ActiveCfg = Release|Any CPU
		{BACB5913-9C9A-4FBE-8F1E-412AF16F2CB2}.Release|ARM64.Build.0 = Release|Any CPU
		{BACB5913-9C9A-4FBE-8F1E-412AF16F2CB2}.Release|x64.ActiveCfg = Release|Any CPU
		{BACB5913-9C9A-4FBE-8F1E-412AF16F2CB2}.Release|x64.Build.0 = Release|Any CPU
		{BACB5913-9C9A-4FBE-8F1E-412AF16F2CB2}.Release|x86.ActiveCfg = Release|Any CPU
		{BACB5913-9C9A-4FBE-8F1E-412AF16F2CB2}.Release|x86.Build.0 = Release|Any CPU
		{29AA6865-935F-4F00-AF0D-29F276A69F65}.Debug|Any CPU.ActiveCfg = Debug|Any CPU
		{29AA6865-935F-4F00-AF0D-29F276A69F65}.Debug|Any CPU.Build.0 = Debug|Any CPU
		{29AA6865-935F-4F00-AF0D-29F276A69F65}.Debug|ARM.ActiveCfg = Debug|Any CPU
		{29AA6865-935F-4F00-AF0D-29F276A69F65}.Debug|ARM.Build.0 = Debug|Any CPU
		{29AA6865-935F-4F00-AF0D-29F276A69F65}.Debug|ARM64.ActiveCfg = Debug|Any CPU
		{29AA6865-935F-4F00-AF0D-29F276A69F65}.Debug|ARM64.Build.0 = Debug|Any CPU
		{29AA6865-935F-4F00-AF0D-29F276A69F65}.Debug|x64.ActiveCfg = Debug|Any CPU
		{29AA6865-935F-4F00-AF0D-29F276A69F65}.Debug|x64.Build.0 = Debug|Any CPU
		{29AA6865-935F-4F00-AF0D-29F276A69F65}.Debug|x86.ActiveCfg = Debug|Any CPU
		{29AA6865-935F-4F00-AF0D-29F276A69F65}.Debug|x86.Build.0 = Debug|Any CPU
		{29AA6865-935F-4F00-AF0D-29F276A69F65}.Release|Any CPU.ActiveCfg = Release|Any CPU
		{29AA6865-935F-4F00-AF0D-29F276A69F65}.Release|Any CPU.Build.0 = Release|Any CPU
		{29AA6865-935F-4F00-AF0D-29F276A69F65}.Release|ARM.ActiveCfg = Release|Any CPU
		{29AA6865-935F-4F00-AF0D-29F276A69F65}.Release|ARM.Build.0 = Release|Any CPU
		{29AA6865-935F-4F00-AF0D-29F276A69F65}.Release|ARM64.ActiveCfg = Release|Any CPU
		{29AA6865-935F-4F00-AF0D-29F276A69F65}.Release|ARM64.Build.0 = Release|Any CPU
		{29AA6865-935F-4F00-AF0D-29F276A69F65}.Release|x64.ActiveCfg = Release|Any CPU
		{29AA6865-935F-4F00-AF0D-29F276A69F65}.Release|x64.Build.0 = Release|Any CPU
		{29AA6865-935F-4F00-AF0D-29F276A69F65}.Release|x86.ActiveCfg = Release|Any CPU
		{29AA6865-935F-4F00-AF0D-29F276A69F65}.Release|x86.Build.0 = Release|Any CPU
		{C04EFE5F-1136-499B-9451-2EC394C40079}.Debug|Any CPU.ActiveCfg = Debug|Any CPU
		{C04EFE5F-1136-499B-9451-2EC394C40079}.Debug|Any CPU.Build.0 = Debug|Any CPU
		{C04EFE5F-1136-499B-9451-2EC394C40079}.Debug|ARM.ActiveCfg = Debug|Any CPU
		{C04EFE5F-1136-499B-9451-2EC394C40079}.Debug|ARM.Build.0 = Debug|Any CPU
		{C04EFE5F-1136-499B-9451-2EC394C40079}.Debug|ARM64.ActiveCfg = Debug|Any CPU
		{C04EFE5F-1136-499B-9451-2EC394C40079}.Debug|ARM64.Build.0 = Debug|Any CPU
		{C04EFE5F-1136-499B-9451-2EC394C40079}.Debug|x64.ActiveCfg = Debug|Any CPU
		{C04EFE5F-1136-499B-9451-2EC394C40079}.Debug|x64.Build.0 = Debug|Any CPU
		{C04EFE5F-1136-499B-9451-2EC394C40079}.Debug|x86.ActiveCfg = Debug|Any CPU
		{C04EFE5F-1136-499B-9451-2EC394C40079}.Debug|x86.Build.0 = Debug|Any CPU
		{C04EFE5F-1136-499B-9451-2EC394C40079}.Release|Any CPU.ActiveCfg = Release|Any CPU
		{C04EFE5F-1136-499B-9451-2EC394C40079}.Release|Any CPU.Build.0 = Release|Any CPU
		{C04EFE5F-1136-499B-9451-2EC394C40079}.Release|ARM.ActiveCfg = Release|Any CPU
		{C04EFE5F-1136-499B-9451-2EC394C40079}.Release|ARM.Build.0 = Release|Any CPU
		{C04EFE5F-1136-499B-9451-2EC394C40079}.Release|ARM64.ActiveCfg = Release|Any CPU
		{C04EFE5F-1136-499B-9451-2EC394C40079}.Release|ARM64.Build.0 = Release|Any CPU
		{C04EFE5F-1136-499B-9451-2EC394C40079}.Release|x64.ActiveCfg = Release|Any CPU
		{C04EFE5F-1136-499B-9451-2EC394C40079}.Release|x64.Build.0 = Release|Any CPU
		{C04EFE5F-1136-499B-9451-2EC394C40079}.Release|x86.ActiveCfg = Release|Any CPU
		{C04EFE5F-1136-499B-9451-2EC394C40079}.Release|x86.Build.0 = Release|Any CPU
		{2C939623-8813-49CC-A034-5016205B67FD}.Debug|Any CPU.ActiveCfg = Debug|Any CPU
		{2C939623-8813-49CC-A034-5016205B67FD}.Debug|Any CPU.Build.0 = Debug|Any CPU
		{2C939623-8813-49CC-A034-5016205B67FD}.Debug|ARM.ActiveCfg = Debug|Any CPU
		{2C939623-8813-49CC-A034-5016205B67FD}.Debug|ARM.Build.0 = Debug|Any CPU
		{2C939623-8813-49CC-A034-5016205B67FD}.Debug|ARM64.ActiveCfg = Debug|Any CPU
		{2C939623-8813-49CC-A034-5016205B67FD}.Debug|ARM64.Build.0 = Debug|Any CPU
		{2C939623-8813-49CC-A034-5016205B67FD}.Debug|x64.ActiveCfg = Debug|Any CPU
		{2C939623-8813-49CC-A034-5016205B67FD}.Debug|x64.Build.0 = Debug|Any CPU
		{2C939623-8813-49CC-A034-5016205B67FD}.Debug|x86.ActiveCfg = Debug|Any CPU
		{2C939623-8813-49CC-A034-5016205B67FD}.Debug|x86.Build.0 = Debug|Any CPU
		{2C939623-8813-49CC-A034-5016205B67FD}.Release|Any CPU.ActiveCfg = Release|Any CPU
		{2C939623-8813-49CC-A034-5016205B67FD}.Release|Any CPU.Build.0 = Release|Any CPU
		{2C939623-8813-49CC-A034-5016205B67FD}.Release|ARM.ActiveCfg = Release|Any CPU
		{2C939623-8813-49CC-A034-5016205B67FD}.Release|ARM.Build.0 = Release|Any CPU
		{2C939623-8813-49CC-A034-5016205B67FD}.Release|ARM64.ActiveCfg = Release|Any CPU
		{2C939623-8813-49CC-A034-5016205B67FD}.Release|ARM64.Build.0 = Release|Any CPU
		{2C939623-8813-49CC-A034-5016205B67FD}.Release|x64.ActiveCfg = Release|Any CPU
		{2C939623-8813-49CC-A034-5016205B67FD}.Release|x64.Build.0 = Release|Any CPU
		{2C939623-8813-49CC-A034-5016205B67FD}.Release|x86.ActiveCfg = Release|Any CPU
		{2C939623-8813-49CC-A034-5016205B67FD}.Release|x86.Build.0 = Release|Any CPU
		{9480C826-9DA9-425D-B5F3-5C5697B20740}.Debug|Any CPU.ActiveCfg = Debug|Any CPU
		{9480C826-9DA9-425D-B5F3-5C5697B20740}.Debug|Any CPU.Build.0 = Debug|Any CPU
		{9480C826-9DA9-425D-B5F3-5C5697B20740}.Debug|ARM.ActiveCfg = Debug|Any CPU
		{9480C826-9DA9-425D-B5F3-5C5697B20740}.Debug|ARM.Build.0 = Debug|Any CPU
		{9480C826-9DA9-425D-B5F3-5C5697B20740}.Debug|ARM64.ActiveCfg = Debug|Any CPU
		{9480C826-9DA9-425D-B5F3-5C5697B20740}.Debug|ARM64.Build.0 = Debug|Any CPU
		{9480C826-9DA9-425D-B5F3-5C5697B20740}.Debug|x64.ActiveCfg = Debug|Any CPU
		{9480C826-9DA9-425D-B5F3-5C5697B20740}.Debug|x64.Build.0 = Debug|Any CPU
		{9480C826-9DA9-425D-B5F3-5C5697B20740}.Debug|x86.ActiveCfg = Debug|Any CPU
		{9480C826-9DA9-425D-B5F3-5C5697B20740}.Debug|x86.Build.0 = Debug|Any CPU
		{9480C826-9DA9-425D-B5F3-5C5697B20740}.Release|Any CPU.ActiveCfg = Release|Any CPU
		{9480C826-9DA9-425D-B5F3-5C5697B20740}.Release|Any CPU.Build.0 = Release|Any CPU
		{9480C826-9DA9-425D-B5F3-5C5697B20740}.Release|ARM.ActiveCfg = Release|Any CPU
		{9480C826-9DA9-425D-B5F3-5C5697B20740}.Release|ARM.Build.0 = Release|Any CPU
		{9480C826-9DA9-425D-B5F3-5C5697B20740}.Release|ARM64.ActiveCfg = Release|Any CPU
		{9480C826-9DA9-425D-B5F3-5C5697B20740}.Release|ARM64.Build.0 = Release|Any CPU
		{9480C826-9DA9-425D-B5F3-5C5697B20740}.Release|x64.ActiveCfg = Release|Any CPU
		{9480C826-9DA9-425D-B5F3-5C5697B20740}.Release|x64.Build.0 = Release|Any CPU
		{9480C826-9DA9-425D-B5F3-5C5697B20740}.Release|x86.ActiveCfg = Release|Any CPU
		{9480C826-9DA9-425D-B5F3-5C5697B20740}.Release|x86.Build.0 = Release|Any CPU
		{8F867DEA-25B4-4EB1-ACA7-1A8F034B5573}.Debug|Any CPU.ActiveCfg = Debug|Any CPU
		{8F867DEA-25B4-4EB1-ACA7-1A8F034B5573}.Debug|Any CPU.Build.0 = Debug|Any CPU
		{8F867DEA-25B4-4EB1-ACA7-1A8F034B5573}.Debug|ARM.ActiveCfg = Debug|Any CPU
		{8F867DEA-25B4-4EB1-ACA7-1A8F034B5573}.Debug|ARM.Build.0 = Debug|Any CPU
		{8F867DEA-25B4-4EB1-ACA7-1A8F034B5573}.Debug|ARM64.ActiveCfg = Debug|Any CPU
		{8F867DEA-25B4-4EB1-ACA7-1A8F034B5573}.Debug|ARM64.Build.0 = Debug|Any CPU
		{8F867DEA-25B4-4EB1-ACA7-1A8F034B5573}.Debug|x64.ActiveCfg = Debug|Any CPU
		{8F867DEA-25B4-4EB1-ACA7-1A8F034B5573}.Debug|x64.Build.0 = Debug|Any CPU
		{8F867DEA-25B4-4EB1-ACA7-1A8F034B5573}.Debug|x86.ActiveCfg = Debug|Any CPU
		{8F867DEA-25B4-4EB1-ACA7-1A8F034B5573}.Debug|x86.Build.0 = Debug|Any CPU
		{8F867DEA-25B4-4EB1-ACA7-1A8F034B5573}.Release|Any CPU.ActiveCfg = Release|Any CPU
		{8F867DEA-25B4-4EB1-ACA7-1A8F034B5573}.Release|Any CPU.Build.0 = Release|Any CPU
		{8F867DEA-25B4-4EB1-ACA7-1A8F034B5573}.Release|ARM.ActiveCfg = Release|Any CPU
		{8F867DEA-25B4-4EB1-ACA7-1A8F034B5573}.Release|ARM.Build.0 = Release|Any CPU
		{8F867DEA-25B4-4EB1-ACA7-1A8F034B5573}.Release|ARM64.ActiveCfg = Release|Any CPU
		{8F867DEA-25B4-4EB1-ACA7-1A8F034B5573}.Release|ARM64.Build.0 = Release|Any CPU
		{8F867DEA-25B4-4EB1-ACA7-1A8F034B5573}.Release|x64.ActiveCfg = Release|Any CPU
		{8F867DEA-25B4-4EB1-ACA7-1A8F034B5573}.Release|x64.Build.0 = Release|Any CPU
		{8F867DEA-25B4-4EB1-ACA7-1A8F034B5573}.Release|x86.ActiveCfg = Release|Any CPU
		{8F867DEA-25B4-4EB1-ACA7-1A8F034B5573}.Release|x86.Build.0 = Release|Any CPU
		{C5B938E0-264B-4A04-8C5A-D0002E4F7EDE}.Debug|Any CPU.ActiveCfg = Debug|Any CPU
		{C5B938E0-264B-4A04-8C5A-D0002E4F7EDE}.Debug|Any CPU.Build.0 = Debug|Any CPU
		{C5B938E0-264B-4A04-8C5A-D0002E4F7EDE}.Debug|ARM.ActiveCfg = Debug|Any CPU
		{C5B938E0-264B-4A04-8C5A-D0002E4F7EDE}.Debug|ARM.Build.0 = Debug|Any CPU
		{C5B938E0-264B-4A04-8C5A-D0002E4F7EDE}.Debug|ARM64.ActiveCfg = Debug|Any CPU
		{C5B938E0-264B-4A04-8C5A-D0002E4F7EDE}.Debug|ARM64.Build.0 = Debug|Any CPU
		{C5B938E0-264B-4A04-8C5A-D0002E4F7EDE}.Debug|x64.ActiveCfg = Debug|Any CPU
		{C5B938E0-264B-4A04-8C5A-D0002E4F7EDE}.Debug|x64.Build.0 = Debug|Any CPU
		{C5B938E0-264B-4A04-8C5A-D0002E4F7EDE}.Debug|x86.ActiveCfg = Debug|Any CPU
		{C5B938E0-264B-4A04-8C5A-D0002E4F7EDE}.Debug|x86.Build.0 = Debug|Any CPU
		{C5B938E0-264B-4A04-8C5A-D0002E4F7EDE}.Release|Any CPU.ActiveCfg = Release|Any CPU
		{C5B938E0-264B-4A04-8C5A-D0002E4F7EDE}.Release|Any CPU.Build.0 = Release|Any CPU
		{C5B938E0-264B-4A04-8C5A-D0002E4F7EDE}.Release|ARM.ActiveCfg = Release|Any CPU
		{C5B938E0-264B-4A04-8C5A-D0002E4F7EDE}.Release|ARM.Build.0 = Release|Any CPU
		{C5B938E0-264B-4A04-8C5A-D0002E4F7EDE}.Release|ARM64.ActiveCfg = Release|Any CPU
		{C5B938E0-264B-4A04-8C5A-D0002E4F7EDE}.Release|ARM64.Build.0 = Release|Any CPU
		{C5B938E0-264B-4A04-8C5A-D0002E4F7EDE}.Release|x64.ActiveCfg = Release|Any CPU
		{C5B938E0-264B-4A04-8C5A-D0002E4F7EDE}.Release|x64.Build.0 = Release|Any CPU
		{C5B938E0-264B-4A04-8C5A-D0002E4F7EDE}.Release|x86.ActiveCfg = Release|Any CPU
		{C5B938E0-264B-4A04-8C5A-D0002E4F7EDE}.Release|x86.Build.0 = Release|Any CPU
		{0775F74E-8F03-42FA-8795-8739EA1A19FC}.Debug|Any CPU.ActiveCfg = Debug|Any CPU
		{0775F74E-8F03-42FA-8795-8739EA1A19FC}.Debug|Any CPU.Build.0 = Debug|Any CPU
		{0775F74E-8F03-42FA-8795-8739EA1A19FC}.Debug|ARM.ActiveCfg = Debug|Any CPU
		{0775F74E-8F03-42FA-8795-8739EA1A19FC}.Debug|ARM.Build.0 = Debug|Any CPU
		{0775F74E-8F03-42FA-8795-8739EA1A19FC}.Debug|ARM64.ActiveCfg = Debug|Any CPU
		{0775F74E-8F03-42FA-8795-8739EA1A19FC}.Debug|ARM64.Build.0 = Debug|Any CPU
		{0775F74E-8F03-42FA-8795-8739EA1A19FC}.Debug|x64.ActiveCfg = Debug|Any CPU
		{0775F74E-8F03-42FA-8795-8739EA1A19FC}.Debug|x64.Build.0 = Debug|Any CPU
		{0775F74E-8F03-42FA-8795-8739EA1A19FC}.Debug|x86.ActiveCfg = Debug|Any CPU
		{0775F74E-8F03-42FA-8795-8739EA1A19FC}.Debug|x86.Build.0 = Debug|Any CPU
		{0775F74E-8F03-42FA-8795-8739EA1A19FC}.Release|Any CPU.ActiveCfg = Release|Any CPU
		{0775F74E-8F03-42FA-8795-8739EA1A19FC}.Release|Any CPU.Build.0 = Release|Any CPU
		{0775F74E-8F03-42FA-8795-8739EA1A19FC}.Release|ARM.ActiveCfg = Release|Any CPU
		{0775F74E-8F03-42FA-8795-8739EA1A19FC}.Release|ARM.Build.0 = Release|Any CPU
		{0775F74E-8F03-42FA-8795-8739EA1A19FC}.Release|ARM64.ActiveCfg = Release|Any CPU
		{0775F74E-8F03-42FA-8795-8739EA1A19FC}.Release|ARM64.Build.0 = Release|Any CPU
		{0775F74E-8F03-42FA-8795-8739EA1A19FC}.Release|x64.ActiveCfg = Release|Any CPU
		{0775F74E-8F03-42FA-8795-8739EA1A19FC}.Release|x64.Build.0 = Release|Any CPU
		{0775F74E-8F03-42FA-8795-8739EA1A19FC}.Release|x86.ActiveCfg = Release|Any CPU
		{0775F74E-8F03-42FA-8795-8739EA1A19FC}.Release|x86.Build.0 = Release|Any CPU
		{C767E723-D053-420D-BE89-14C9E2786274}.Debug|Any CPU.ActiveCfg = Debug|Any CPU
		{C767E723-D053-420D-BE89-14C9E2786274}.Debug|Any CPU.Build.0 = Debug|Any CPU
		{C767E723-D053-420D-BE89-14C9E2786274}.Debug|ARM.ActiveCfg = Debug|Any CPU
		{C767E723-D053-420D-BE89-14C9E2786274}.Debug|ARM.Build.0 = Debug|Any CPU
		{C767E723-D053-420D-BE89-14C9E2786274}.Debug|ARM64.ActiveCfg = Debug|Any CPU
		{C767E723-D053-420D-BE89-14C9E2786274}.Debug|ARM64.Build.0 = Debug|Any CPU
		{C767E723-D053-420D-BE89-14C9E2786274}.Debug|x64.ActiveCfg = Debug|Any CPU
		{C767E723-D053-420D-BE89-14C9E2786274}.Debug|x64.Build.0 = Debug|Any CPU
		{C767E723-D053-420D-BE89-14C9E2786274}.Debug|x86.ActiveCfg = Debug|Any CPU
		{C767E723-D053-420D-BE89-14C9E2786274}.Debug|x86.Build.0 = Debug|Any CPU
		{C767E723-D053-420D-BE89-14C9E2786274}.Release|Any CPU.ActiveCfg = Release|Any CPU
		{C767E723-D053-420D-BE89-14C9E2786274}.Release|Any CPU.Build.0 = Release|Any CPU
		{C767E723-D053-420D-BE89-14C9E2786274}.Release|ARM.ActiveCfg = Release|Any CPU
		{C767E723-D053-420D-BE89-14C9E2786274}.Release|ARM.Build.0 = Release|Any CPU
		{C767E723-D053-420D-BE89-14C9E2786274}.Release|ARM64.ActiveCfg = Release|Any CPU
		{C767E723-D053-420D-BE89-14C9E2786274}.Release|ARM64.Build.0 = Release|Any CPU
		{C767E723-D053-420D-BE89-14C9E2786274}.Release|x64.ActiveCfg = Release|Any CPU
		{C767E723-D053-420D-BE89-14C9E2786274}.Release|x64.Build.0 = Release|Any CPU
		{C767E723-D053-420D-BE89-14C9E2786274}.Release|x86.ActiveCfg = Release|Any CPU
		{C767E723-D053-420D-BE89-14C9E2786274}.Release|x86.Build.0 = Release|Any CPU
	EndGlobalSection
	GlobalSection(SolutionProperties) = preSolution
		HideSolutionNode = FALSE
	EndGlobalSection
	GlobalSection(NestedProjects) = preSolution
		{9480C826-9DA9-425D-B5F3-5C5697B20740} = {6A211138-E13D-4096-AFC4-3E44504927B0}
	EndGlobalSection
	GlobalSection(ExtensibilityGlobals) = postSolution
		SolutionGuid = {8370819A-EE54-481D-BE49-3FED65531D54}
	EndGlobalSection
EndGlobal
